{
  "version": 4,
  "terraform_version": "1.11.3",
  "serial": 22,
  "lineage": "8fd62ac4-ae30-b186-cafd-3d530f0749f2",
  "outputs": {
    "resource_group_name": {
      "value": "rg-landingzone-sec",
      "type": "string"
    },
    "subnet_internal_cidr": {
      "value": "10.0.2.0/24",
      "type": "string"
    },
    "subnet_web_cidr": {
      "value": "10.0.1.0/24",
      "type": "string"
    },
    "vm_internal_private_ip": {
      "value": "10.0.2.4",
      "type": "string"
    },
    "vm_web_private_ip": {
      "value": "10.0.1.4",
      "type": "string"
    },
    "vm_web_public_ip": {
      "value": "51.144.243.254",
      "type": "string"
    },
    "vnet_name": {
      "value": "vnet-hub",
      "type": "string"
    }
  },
  "resources": [
    {
      "mode": "managed",
      "type": "azurerm_linux_virtual_machine",
      "name": "vm_internal",
      "provider": "provider[\"registry.terraform.io/hashicorp/azurerm\"]",
      "instances": [
        {
          "schema_version": 0,
          "attributes": {
            "additional_capabilities": [],
            "admin_password": null,
            "admin_ssh_key": [
              {
                "public_key": "ssh-rsa AAAAB3NzaC1yc2EAAAADAQABAAABAQDC7PmQpPsfoMyldxBaH8ukn9Ou6g0yC/8dodH/GWycTF/l57+L2USWYPtVrk6wrv7gd1KT2yp8IOOUrThdZCrI0lWwLR/tL31DzPGHcIFMb6TO76Vxb1puT1Mou9O3q33gfYjVDFQbhkfl8mosYqKzE4P291N7x1m94NVazOdIKueIJboMnW8RMBpRg1H4edcJxVo9V0ysnFr2cqdVU8gZ5wbiwtsdpzV15LMoppazMDbOl/spIWsk7JXeqK8BSs8Er06Y4jB+OZnPg7lwuAnGUwwmeBRq3NSjEjjJC5UVCVh+R6nV4+qK37SNONSyYhdMdzvaot+T0q8aYETN8zJN josef@LAPTOP-GMGJ8CV3\r\n",
                "username": "azureuser"
              }
            ],
            "admin_username": "azureuser",
            "allow_extension_operations": true,
            "availability_set_id": "",
            "boot_diagnostics": [],
            "bypass_platform_safety_checks_on_user_schedule_enabled": false,
            "capacity_reservation_group_id": "",
            "computer_name": "vm-internal",
            "custom_data": null,
            "dedicated_host_group_id": "",
            "dedicated_host_id": "",
            "disable_password_authentication": true,
            "disk_controller_type": "",
            "edge_zone": "",
            "encryption_at_host_enabled": false,
            "eviction_policy": "",
            "extensions_time_budget": "PT1H30M",
            "gallery_application": [],
            "id": "/subscriptions/99bbc184-edd8-464d-964d-9f3a0d74bba3/resourceGroups/rg-landingzone-sec/providers/Microsoft.Compute/virtualMachines/vm-internal",
            "identity": [],
            "license_type": "",
            "location": "westeurope",
            "max_bid_price": -1,
            "name": "vm-internal",
            "network_interface_ids": [
              "/subscriptions/99bbc184-edd8-464d-964d-9f3a0d74bba3/resourceGroups/rg-landingzone-sec/providers/Microsoft.Network/networkInterfaces/nic-internal"
            ],
            "os_disk": [
              {
                "caching": "ReadWrite",
                "diff_disk_settings": [],
                "disk_encryption_set_id": "",
                "disk_size_gb": 30,
                "id": "/subscriptions/99bbc184-edd8-464d-964d-9f3a0d74bba3/resourceGroups/rg-landingzone-sec/providers/Microsoft.Compute/disks/vm-internal_OsDisk_1_57b55eb414794cd0a41931a6a7855d76",
                "name": "vm-internal_OsDisk_1_57b55eb414794cd0a41931a6a7855d76",
                "secure_vm_disk_encryption_set_id": "",
                "security_encryption_type": "",
                "storage_account_type": "Standard_LRS",
                "write_accelerator_enabled": false
              }
            ],
            "os_image_notification": [],
            "patch_assessment_mode": "ImageDefault",
            "patch_mode": "ImageDefault",
            "plan": [],
            "platform_fault_domain": -1,
            "priority": "Regular",
            "private_ip_address": "10.0.2.4",
            "private_ip_addresses": [
              "10.0.2.4"
            ],
            "provision_vm_agent": true,
            "proximity_placement_group_id": "",
            "public_ip_address": "",
            "public_ip_addresses": [],
            "reboot_setting": "",
            "resource_group_name": "rg-landingzone-sec",
            "secret": [],
            "secure_boot_enabled": false,
            "size": "Standard_B1ls",
            "source_image_id": "",
            "source_image_reference": [
              {
                "offer": "0001-com-ubuntu-server-focal",
                "publisher": "Canonical",
                "sku": "20_04-lts",
                "version": "latest"
              }
            ],
            "tags": {},
            "termination_notification": [],
            "timeouts": null,
            "user_data": "",
            "virtual_machine_id": "2260e104-5b4d-4500-b79a-af9cd0ca24de",
            "virtual_machine_scale_set_id": "",
            "vm_agent_platform_updates_enabled": false,
            "vtpm_enabled": false,
            "zone": ""
          },
          "sensitive_attributes": [
            [
              {
                "type": "get_attr",
                "value": "admin_password"
              }
            ],
            [
              {
                "type": "get_attr",
                "value": "custom_data"
              }
            ]
          ],
          "private": "eyJlMmJmYjczMC1lY2FhLTExZTYtOGY4OC0zNDM2M2JjN2M0YzAiOnsiY3JlYXRlIjoyNzAwMDAwMDAwMDAwLCJkZWxldGUiOjI3MDAwMDAwMDAwMDAsInJlYWQiOjMwMDAwMDAwMDAwMCwidXBkYXRlIjoyNzAwMDAwMDAwMDAwfX0=",
          "dependencies": [
            "azurerm_network_interface.nic_internal",
            "azurerm_resource_group.rg_main",
            "azurerm_subnet.subnet_internal",
            "azurerm_virtual_network.vnet_hub"
          ]
        }
      ]
    },
    {
      "mode": "managed",
      "type": "azurerm_linux_virtual_machine",
      "name": "vm_web",
      "provider": "provider[\"registry.terraform.io/hashicorp/azurerm\"]",
      "instances": [
        {
          "schema_version": 0,
          "attributes": {
            "additional_capabilities": [],
            "admin_password": null,
            "admin_ssh_key": [
              {
                "public_key": "ssh-rsa AAAAB3NzaC1yc2EAAAADAQABAAABAQDC7PmQpPsfoMyldxBaH8ukn9Ou6g0yC/8dodH/GWycTF/l57+L2USWYPtVrk6wrv7gd1KT2yp8IOOUrThdZCrI0lWwLR/tL31DzPGHcIFMb6TO76Vxb1puT1Mou9O3q33gfYjVDFQbhkfl8mosYqKzE4P291N7x1m94NVazOdIKueIJboMnW8RMBpRg1H4edcJxVo9V0ysnFr2cqdVU8gZ5wbiwtsdpzV15LMoppazMDbOl/spIWsk7JXeqK8BSs8Er06Y4jB+OZnPg7lwuAnGUwwmeBRq3NSjEjjJC5UVCVh+R6nV4+qK37SNONSyYhdMdzvaot+T0q8aYETN8zJN josef@LAPTOP-GMGJ8CV3\r\n",
                "username": "azureuser"
              }
            ],
            "admin_username": "azureuser",
            "allow_extension_operations": true,
            "availability_set_id": "",
            "boot_diagnostics": [],
            "bypass_platform_safety_checks_on_user_schedule_enabled": false,
            "capacity_reservation_group_id": "",
            "computer_name": "vm-web",
            "custom_data": null,
            "dedicated_host_group_id": "",
            "dedicated_host_id": "",
            "disable_password_authentication": true,
            "disk_controller_type": "",
            "edge_zone": "",
            "encryption_at_host_enabled": false,
            "eviction_policy": "",
            "extensions_time_budget": "PT1H30M",
            "gallery_application": [],
            "id": "/subscriptions/99bbc184-edd8-464d-964d-9f3a0d74bba3/resourceGroups/rg-landingzone-sec/providers/Microsoft.Compute/virtualMachines/vm-web",
            "identity": [],
            "license_type": "",
            "location": "westeurope",
            "max_bid_price": -1,
            "name": "vm-web",
            "network_interface_ids": [
              "/subscriptions/99bbc184-edd8-464d-964d-9f3a0d74bba3/resourceGroups/rg-landingzone-sec/providers/Microsoft.Network/networkInterfaces/nic-web"
            ],
            "os_disk": [
              {
                "caching": "ReadWrite",
                "diff_disk_settings": [],
                "disk_encryption_set_id": "",
                "disk_size_gb": 30,
                "id": "/subscriptions/99bbc184-edd8-464d-964d-9f3a0d74bba3/resourceGroups/rg-landingzone-sec/providers/Microsoft.Compute/disks/vm-web_OsDisk_1_dc47795a20374526b13e1b06dd165d99",
                "name": "vm-web_OsDisk_1_dc47795a20374526b13e1b06dd165d99",
                "secure_vm_disk_encryption_set_id": "",
                "security_encryption_type": "",
                "storage_account_type": "Standard_LRS",
                "write_accelerator_enabled": false
              }
            ],
            "os_image_notification": [],
            "patch_assessment_mode": "ImageDefault",
            "patch_mode": "ImageDefault",
            "plan": [],
            "platform_fault_domain": -1,
            "priority": "Regular",
            "private_ip_address": "10.0.1.4",
            "private_ip_addresses": [
              "10.0.1.4"
            ],
            "provision_vm_agent": true,
            "proximity_placement_group_id": "",
            "public_ip_address": "51.144.243.254",
            "public_ip_addresses": [
              "51.144.243.254"
            ],
            "reboot_setting": "",
            "resource_group_name": "rg-landingzone-sec",
            "secret": [],
            "secure_boot_enabled": false,
            "size": "Standard_B1ls",
            "source_image_id": "",
            "source_image_reference": [
              {
                "offer": "0001-com-ubuntu-server-focal",
                "publisher": "Canonical",
                "sku": "20_04-lts",
                "version": "latest"
              }
            ],
            "tags": {},
            "termination_notification": [],
            "timeouts": null,
            "user_data": "",
            "virtual_machine_id": "20abdb54-5790-4934-b822-0dc7c53d8fe9",
            "virtual_machine_scale_set_id": "",
            "vm_agent_platform_updates_enabled": false,
            "vtpm_enabled": false,
            "zone": ""
          },
          "sensitive_attributes": [
            [
              {
                "type": "get_attr",
                "value": "admin_password"
              }
            ],
            [
              {
                "type": "get_attr",
                "value": "custom_data"
              }
            ]
          ],
          "private": "eyJlMmJmYjczMC1lY2FhLTExZTYtOGY4OC0zNDM2M2JjN2M0YzAiOnsiY3JlYXRlIjoyNzAwMDAwMDAwMDAwLCJkZWxldGUiOjI3MDAwMDAwMDAwMDAsInJlYWQiOjMwMDAwMDAwMDAwMCwidXBkYXRlIjoyNzAwMDAwMDAwMDAwfX0=",
          "dependencies": [
            "azurerm_network_interface.nic_web",
            "azurerm_public_ip.pip_web",
            "azurerm_resource_group.rg_main",
            "azurerm_subnet.subnet_web",
            "azurerm_virtual_network.vnet_hub"
          ]
        }
      ]
    },
    {
      "mode": "managed",
      "type": "azurerm_network_interface",
      "name": "nic_internal",
      "provider": "provider[\"registry.terraform.io/hashicorp/azurerm\"]",
      "instances": [
        {
          "schema_version": 0,
          "attributes": {
            "accelerated_networking_enabled": false,
            "applied_dns_servers": [],
            "auxiliary_mode": "",
            "auxiliary_sku": "",
            "dns_servers": [],
            "edge_zone": "",
            "id": "/subscriptions/99bbc184-edd8-464d-964d-9f3a0d74bba3/resourceGroups/rg-landingzone-sec/providers/Microsoft.Network/networkInterfaces/nic-internal",
            "internal_dns_name_label": "",
            "internal_domain_name_suffix": "04w35f4xbkfelj0l4e131jazjb.ax.internal.cloudapp.net",
            "ip_configuration": [
              {
                "gateway_load_balancer_frontend_ip_configuration_id": "",
                "name": "internal",
                "primary": true,
                "private_ip_address": "10.0.2.4",
                "private_ip_address_allocation": "Dynamic",
                "private_ip_address_version": "IPv4",
                "public_ip_address_id": "",
                "subnet_id": "/subscriptions/99bbc184-edd8-464d-964d-9f3a0d74bba3/resourceGroups/rg-landingzone-sec/providers/Microsoft.Network/virtualNetworks/vnet-hub/subnets/subnet-internal"
              }
            ],
            "ip_forwarding_enabled": false,
            "location": "westeurope",
            "mac_address": "7C-ED-8D-15-DA-19",
            "name": "nic-internal",
            "private_ip_address": "10.0.2.4",
            "private_ip_addresses": [
              "10.0.2.4"
            ],
            "resource_group_name": "rg-landingzone-sec",
            "tags": {},
            "timeouts": null,
            "virtual_machine_id": "/subscriptions/99bbc184-edd8-464d-964d-9f3a0d74bba3/resourceGroups/rg-landingzone-sec/providers/Microsoft.Compute/virtualMachines/vm-internal"
          },
          "sensitive_attributes": [],
          "private": "eyJlMmJmYjczMC1lY2FhLTExZTYtOGY4OC0zNDM2M2JjN2M0YzAiOnsiY3JlYXRlIjoxODAwMDAwMDAwMDAwLCJkZWxldGUiOjE4MDAwMDAwMDAwMDAsInJlYWQiOjMwMDAwMDAwMDAwMCwidXBkYXRlIjoxODAwMDAwMDAwMDAwfX0=",
          "dependencies": [
            "azurerm_resource_group.rg_main",
            "azurerm_subnet.subnet_internal",
            "azurerm_virtual_network.vnet_hub"
          ]
        }
      ]
    },
    {
      "mode": "managed",
      "type": "azurerm_network_interface",
      "name": "nic_web",
      "provider": "provider[\"registry.terraform.io/hashicorp/azurerm\"]",
      "instances": [
        {
          "schema_version": 0,
          "attributes": {
            "accelerated_networking_enabled": false,
            "applied_dns_servers": [],
            "auxiliary_mode": "",
            "auxiliary_sku": "",
            "dns_servers": [],
            "edge_zone": "",
            "id": "/subscriptions/99bbc184-edd8-464d-964d-9f3a0d74bba3/resourceGroups/rg-landingzone-sec/providers/Microsoft.Network/networkInterfaces/nic-web",
            "internal_dns_name_label": "",
            "internal_domain_name_suffix": "04w35f4xbkfelj0l4e131jazjb.ax.internal.cloudapp.net",
            "ip_configuration": [
              {
                "gateway_load_balancer_frontend_ip_configuration_id": "",
                "name": "internal",
                "primary": true,
                "private_ip_address": "10.0.1.4",
                "private_ip_address_allocation": "Dynamic",
                "private_ip_address_version": "IPv4",
                "public_ip_address_id": "/subscriptions/99bbc184-edd8-464d-964d-9f3a0d74bba3/resourceGroups/rg-landingzone-sec/providers/Microsoft.Network/publicIPAddresses/pip-web",
                "subnet_id": "/subscriptions/99bbc184-edd8-464d-964d-9f3a0d74bba3/resourceGroups/rg-landingzone-sec/providers/Microsoft.Network/virtualNetworks/vnet-hub/subnets/subnet-web"
              }
            ],
            "ip_forwarding_enabled": false,
            "location": "westeurope",
            "mac_address": "7C-1E-52-74-C1-B4",
            "name": "nic-web",
            "private_ip_address": "10.0.1.4",
            "private_ip_addresses": [
              "10.0.1.4"
            ],
            "resource_group_name": "rg-landingzone-sec",
            "tags": {},
            "timeouts": null,
            "virtual_machine_id": "/subscriptions/99bbc184-edd8-464d-964d-9f3a0d74bba3/resourceGroups/rg-landingzone-sec/providers/Microsoft.Compute/virtualMachines/vm-web"
          },
          "sensitive_attributes": [],
          "private": "eyJlMmJmYjczMC1lY2FhLTExZTYtOGY4OC0zNDM2M2JjN2M0YzAiOnsiY3JlYXRlIjoxODAwMDAwMDAwMDAwLCJkZWxldGUiOjE4MDAwMDAwMDAwMDAsInJlYWQiOjMwMDAwMDAwMDAwMCwidXBkYXRlIjoxODAwMDAwMDAwMDAwfX0=",
          "dependencies": [
            "azurerm_public_ip.pip_web",
            "azurerm_resource_group.rg_main",
            "azurerm_subnet.subnet_web",
            "azurerm_virtual_network.vnet_hub"
          ]
        }
      ]
    },
    {
      "mode": "managed",
      "type": "azurerm_network_security_group",
      "name": "nsg_internal",
      "provider": "provider[\"registry.terraform.io/hashicorp/azurerm\"]",
      "instances": [
        {
          "schema_version": 0,
          "attributes": {
            "id": "/subscriptions/99bbc184-edd8-464d-964d-9f3a0d74bba3/resourceGroups/rg-landingzone-sec/providers/Microsoft.Network/networkSecurityGroups/nsg-internal",
            "location": "westeurope",
            "name": "nsg-internal",
            "resource_group_name": "rg-landingzone-sec",
            "security_rule": [
              {
                "access": "Allow",
                "description": "",
                "destination_address_prefix": "*",
                "destination_address_prefixes": [],
                "destination_application_security_group_ids": [],
                "destination_port_range": "*",
                "destination_port_ranges": [],
                "direction": "Inbound",
                "name": "AllowFromWebSubnet",
                "priority": 100,
                "protocol": "Tcp",
                "source_address_prefix": "10.0.1.0/24",
                "source_address_prefixes": [],
                "source_application_security_group_ids": [],
                "source_port_range": "*",
                "source_port_ranges": []
              },
              {
                "access": "Deny",
                "description": "",
                "destination_address_prefix": "*",
                "destination_address_prefixes": [],
                "destination_application_security_group_ids": [],
                "destination_port_range": "*",
                "destination_port_ranges": [],
                "direction": "Inbound",
                "name": "DenyAllInbound",
                "priority": 200,
                "protocol": "*",
                "source_address_prefix": "*",
                "source_address_prefixes": [],
                "source_application_security_group_ids": [],
                "source_port_range": "*",
                "source_port_ranges": []
              }
            ],
            "tags": {},
            "timeouts": null
          },
          "sensitive_attributes": [],
          "private": "eyJlMmJmYjczMC1lY2FhLTExZTYtOGY4OC0zNDM2M2JjN2M0YzAiOnsiY3JlYXRlIjoxODAwMDAwMDAwMDAwLCJkZWxldGUiOjE4MDAwMDAwMDAwMDAsInJlYWQiOjMwMDAwMDAwMDAwMCwidXBkYXRlIjoxODAwMDAwMDAwMDAwfX0=",
          "dependencies": [
            "azurerm_resource_group.rg_main"
          ]
        }
      ]
    },
    {
      "mode": "managed",
      "type": "azurerm_network_security_group",
      "name": "nsg_web",
      "provider": "provider[\"registry.terraform.io/hashicorp/azurerm\"]",
      "instances": [
        {
          "schema_version": 0,
          "attributes": {
            "id": "/subscriptions/99bbc184-edd8-464d-964d-9f3a0d74bba3/resourceGroups/rg-landingzone-sec/providers/Microsoft.Network/networkSecurityGroups/nsg-web",
            "location": "westeurope",
            "name": "nsg-web",
            "resource_group_name": "rg-landingzone-sec",
            "security_rule": [
              {
                "access": "Allow",
                "description": "",
                "destination_address_prefix": "*",
                "destination_address_prefixes": [],
                "destination_application_security_group_ids": [],
                "destination_port_range": "22",
                "destination_port_ranges": [],
                "direction": "Inbound",
                "name": "AllowHTTP",
                "priority": 100,
                "protocol": "Tcp",
                "source_address_prefix": "*",
                "source_address_prefixes": [],
                "source_application_security_group_ids": [],
                "source_port_range": "*",
                "source_port_ranges": []
              }
            ],
            "tags": {},
            "timeouts": null
          },
          "sensitive_attributes": [],
          "private": "eyJlMmJmYjczMC1lY2FhLTExZTYtOGY4OC0zNDM2M2JjN2M0YzAiOnsiY3JlYXRlIjoxODAwMDAwMDAwMDAwLCJkZWxldGUiOjE4MDAwMDAwMDAwMDAsInJlYWQiOjMwMDAwMDAwMDAwMCwidXBkYXRlIjoxODAwMDAwMDAwMDAwfX0=",
          "dependencies": [
            "azurerm_resource_group.rg_main"
          ]
        }
      ]
    },
    {
      "mode": "managed",
      "type": "azurerm_public_ip",
      "name": "pip_web",
      "provider": "provider[\"registry.terraform.io/hashicorp/azurerm\"]",
      "instances": [
        {
          "schema_version": 0,
          "attributes": {
            "allocation_method": "Dynamic",
            "ddos_protection_mode": "VirtualNetworkInherited",
            "ddos_protection_plan_id": null,
            "domain_name_label": null,
            "domain_name_label_scope": null,
            "edge_zone": "",
            "fqdn": null,
            "id": "/subscriptions/99bbc184-edd8-464d-964d-9f3a0d74bba3/resourceGroups/rg-landingzone-sec/providers/Microsoft.Network/publicIPAddresses/pip-web",
            "idle_timeout_in_minutes": 4,
            "ip_address": "51.144.243.254",
            "ip_tags": {},
            "ip_version": "IPv4",
            "location": "westeurope",
            "name": "pip-web",
            "public_ip_prefix_id": null,
            "resource_group_name": "rg-landingzone-sec",
            "reverse_fqdn": null,
            "sku": "Basic",
            "sku_tier": "Regional",
            "tags": {},
            "timeouts": null,
            "zones": []
          },
          "sensitive_attributes": [],
          "private": "eyJlMmJmYjczMC1lY2FhLTExZTYtOGY4OC0zNDM2M2JjN2M0YzAiOnsiY3JlYXRlIjoxODAwMDAwMDAwMDAwLCJkZWxldGUiOjE4MDAwMDAwMDAwMDAsInJlYWQiOjMwMDAwMDAwMDAwMCwidXBkYXRlIjoxODAwMDAwMDAwMDAwfX0=",
          "dependencies": [
            "azurerm_resource_group.rg_main"
          ]
        }
      ]
    },
    {
      "mode": "managed",
      "type": "azurerm_resource_group",
      "name": "rg_main",
      "provider": "provider[\"registry.terraform.io/hashicorp/azurerm\"]",
      "instances": [
        {
          "schema_version": 0,
          "attributes": {
            "id": "/subscriptions/99bbc184-edd8-464d-964d-9f3a0d74bba3/resourceGroups/rg-landingzone-sec",
            "location": "westeurope",
            "managed_by": "",
            "name": "rg-landingzone-sec",
            "tags": {},
            "timeouts": null
          },
          "sensitive_attributes": [],
          "private": "eyJlMmJmYjczMC1lY2FhLTExZTYtOGY4OC0zNDM2M2JjN2M0YzAiOnsiY3JlYXRlIjo1NDAwMDAwMDAwMDAwLCJkZWxldGUiOjU0MDAwMDAwMDAwMDAsInJlYWQiOjMwMDAwMDAwMDAwMCwidXBkYXRlIjo1NDAwMDAwMDAwMDAwfX0="
        }
      ]
    },
    {
      "mode": "managed",
      "type": "azurerm_subnet",
      "name": "subnet_internal",
      "provider": "provider[\"registry.terraform.io/hashicorp/azurerm\"]",
      "instances": [
        {
          "schema_version": 0,
          "attributes": {
            "address_prefixes": [
              "10.0.2.0/24"
            ],
            "default_outbound_access_enabled": true,
            "delegation": [],
            "id": "/subscriptions/99bbc184-edd8-464d-964d-9f3a0d74bba3/resourceGroups/rg-landingzone-sec/providers/Microsoft.Network/virtualNetworks/vnet-hub/subnets/subnet-internal",
            "name": "subnet-internal",
            "private_endpoint_network_policies": "Disabled",
            "private_link_service_network_policies_enabled": true,
            "resource_group_name": "rg-landingzone-sec",
            "service_endpoint_policy_ids": [],
            "service_endpoints": [],
            "timeouts": null,
            "virtual_network_name": "vnet-hub"
          },
          "sensitive_attributes": [],
          "private": "eyJlMmJmYjczMC1lY2FhLTExZTYtOGY4OC0zNDM2M2JjN2M0YzAiOnsiY3JlYXRlIjoxODAwMDAwMDAwMDAwLCJkZWxldGUiOjE4MDAwMDAwMDAwMDAsInJlYWQiOjMwMDAwMDAwMDAwMCwidXBkYXRlIjoxODAwMDAwMDAwMDAwfX0=",
          "dependencies": [
            "azurerm_resource_group.rg_main",
            "azurerm_virtual_network.vnet_hub"
          ]
        }
      ]
    },
    {
      "mode": "managed",
      "type": "azurerm_subnet",
      "name": "subnet_web",
      "provider": "provider[\"registry.terraform.io/hashicorp/azurerm\"]",
      "instances": [
        {
          "schema_version": 0,
          "attributes": {
            "address_prefixes": [
              "10.0.1.0/24"
            ],
            "default_outbound_access_enabled": true,
            "delegation": [],
            "id": "/subscriptions/99bbc184-edd8-464d-964d-9f3a0d74bba3/resourceGroups/rg-landingzone-sec/providers/Microsoft.Network/virtualNetworks/vnet-hub/subnets/subnet-web",
            "name": "subnet-web",
            "private_endpoint_network_policies": "Disabled",
            "private_link_service_network_policies_enabled": true,
            "resource_group_name": "rg-landingzone-sec",
            "service_endpoint_policy_ids": [],
            "service_endpoints": [],
            "timeouts": null,
            "virtual_network_name": "vnet-hub"
          },
          "sensitive_attributes": [],
          "private": "eyJlMmJmYjczMC1lY2FhLTExZTYtOGY4OC0zNDM2M2JjN2M0YzAiOnsiY3JlYXRlIjoxODAwMDAwMDAwMDAwLCJkZWxldGUiOjE4MDAwMDAwMDAwMDAsInJlYWQiOjMwMDAwMDAwMDAwMCwidXBkYXRlIjoxODAwMDAwMDAwMDAwfX0=",
          "dependencies": [
            "azurerm_resource_group.rg_main",
            "azurerm_virtual_network.vnet_hub"
          ]
        }
      ]
    },
    {
      "mode": "managed",
      "type": "azurerm_subnet_network_security_group_association",
      "name": "nsg_assoc_internal",
      "provider": "provider[\"registry.terraform.io/hashicorp/azurerm\"]",
      "instances": [
        {
          "schema_version": 0,
          "attributes": {
            "id": "/subscriptions/99bbc184-edd8-464d-964d-9f3a0d74bba3/resourceGroups/rg-landingzone-sec/providers/Microsoft.Network/virtualNetworks/vnet-hub/subnets/subnet-internal",
            "network_security_group_id": "/subscriptions/99bbc184-edd8-464d-964d-9f3a0d74bba3/resourceGroups/rg-landingzone-sec/providers/Microsoft.Network/networkSecurityGroups/nsg-internal",
            "subnet_id": "/subscriptions/99bbc184-edd8-464d-964d-9f3a0d74bba3/resourceGroups/rg-landingzone-sec/providers/Microsoft.Network/virtualNetworks/vnet-hub/subnets/subnet-internal",
            "timeouts": null
          },
          "sensitive_attributes": [],
          "private": "eyJlMmJmYjczMC1lY2FhLTExZTYtOGY4OC0zNDM2M2JjN2M0YzAiOnsiY3JlYXRlIjoxODAwMDAwMDAwMDAwLCJkZWxldGUiOjE4MDAwMDAwMDAwMDAsInJlYWQiOjMwMDAwMDAwMDAwMH19",
          "dependencies": [
            "azurerm_network_security_group.nsg_internal",
            "azurerm_resource_group.rg_main",
            "azurerm_subnet.subnet_internal",
            "azurerm_virtual_network.vnet_hub"
          ]
        }
      ]
    },
    {
      "mode": "managed",
      "type": "azurerm_subnet_network_security_group_association",
      "name": "nsg_assoc_web",
      "provider": "provider[\"registry.terraform.io/hashicorp/azurerm\"]",
      "instances": [
        {
          "schema_version": 0,
          "attributes": {
            "id": "/subscriptions/99bbc184-edd8-464d-964d-9f3a0d74bba3/resourceGroups/rg-landingzone-sec/providers/Microsoft.Network/virtualNetworks/vnet-hub/subnets/subnet-web",
            "network_security_group_id": "/subscriptions/99bbc184-edd8-464d-964d-9f3a0d74bba3/resourceGroups/rg-landingzone-sec/providers/Microsoft.Network/networkSecurityGroups/nsg-web",
            "subnet_id": "/subscriptions/99bbc184-edd8-464d-964d-9f3a0d74bba3/resourceGroups/rg-landingzone-sec/providers/Microsoft.Network/virtualNetworks/vnet-hub/subnets/subnet-web",
            "timeouts": null
          },
          "sensitive_attributes": [],
          "private": "eyJlMmJmYjczMC1lY2FhLTExZTYtOGY4OC0zNDM2M2JjN2M0YzAiOnsiY3JlYXRlIjoxODAwMDAwMDAwMDAwLCJkZWxldGUiOjE4MDAwMDAwMDAwMDAsInJlYWQiOjMwMDAwMDAwMDAwMH19",
          "dependencies": [
            "azurerm_network_security_group.nsg_web",
            "azurerm_resource_group.rg_main",
            "azurerm_subnet.subnet_web",
            "azurerm_virtual_network.vnet_hub"
          ]
        }
      ]
    },
    {
      "mode": "managed",
      "type": "azurerm_virtual_network",
      "name": "vnet_hub",
      "provider": "provider[\"registry.terraform.io/hashicorp/azurerm\"]",
      "instances": [
        {
          "schema_version": 0,
          "attributes": {
            "address_space": [
              "10.0.0.0/16"
            ],
            "bgp_community": "",
            "ddos_protection_plan": [],
            "dns_servers": [],
            "edge_zone": "",
            "encryption": [],
            "flow_timeout_in_minutes": 0,
            "guid": "97dfadd7-0ad7-458a-a74b-f137dda41949",
            "id": "/subscriptions/99bbc184-edd8-464d-964d-9f3a0d74bba3/resourceGroups/rg-landingzone-sec/providers/Microsoft.Network/virtualNetworks/vnet-hub",
            "location": "westeurope",
            "name": "vnet-hub",
            "private_endpoint_vnet_policies": "Disabled",
            "resource_group_name": "rg-landingzone-sec",
            "subnet": [
              {
                "address_prefixes": [
                  "10.0.1.0/24"
                ],
                "default_outbound_access_enabled": true,
                "delegation": [],
                "id": "/subscriptions/99bbc184-edd8-464d-964d-9f3a0d74bba3/resourceGroups/rg-landingzone-sec/providers/Microsoft.Network/virtualNetworks/vnet-hub/subnets/subnet-web",
                "name": "subnet-web",
                "private_endpoint_network_policies": "Disabled",
                "private_link_service_network_policies_enabled": true,
                "route_table_id": "",
                "security_group": "/subscriptions/99bbc184-edd8-464d-964d-9f3a0d74bba3/resourceGroups/rg-landingzone-sec/providers/Microsoft.Network/networkSecurityGroups/nsg-web",
                "service_endpoint_policy_ids": [],
                "service_endpoints": []
              },
              {
                "address_prefixes": [
                  "10.0.2.0/24"
                ],
                "default_outbound_access_enabled": true,
                "delegation": [],
                "id": "/subscriptions/99bbc184-edd8-464d-964d-9f3a0d74bba3/resourceGroups/rg-landingzone-sec/providers/Microsoft.Network/virtualNetworks/vnet-hub/subnets/subnet-internal",
                "name": "subnet-internal",
                "private_endpoint_network_policies": "Disabled",
                "private_link_service_network_policies_enabled": true,
                "route_table_id": "",
                "security_group": "/subscriptions/99bbc184-edd8-464d-964d-9f3a0d74bba3/resourceGroups/rg-landingzone-sec/providers/Microsoft.Network/networkSecurityGroups/nsg-internal",
                "service_endpoint_policy_ids": [],
                "service_endpoints": []
              }
            ],
            "tags": {},
            "timeouts": null
          },
          "sensitive_attributes": [],
          "private": "eyJlMmJmYjczMC1lY2FhLTExZTYtOGY4OC0zNDM2M2JjN2M0YzAiOnsiY3JlYXRlIjoxODAwMDAwMDAwMDAwLCJkZWxldGUiOjE4MDAwMDAwMDAwMDAsInJlYWQiOjMwMDAwMDAwMDAwMCwidXBkYXRlIjoxODAwMDAwMDAwMDAwfX0=",
          "dependencies": [
            "azurerm_resource_group.rg_main"
          ]
        }
      ]
    }
  ],
  "check_results": null
}
